
Microsoft Visual Studio Solution File, Format Version 12.00
# Visual Studio Version 16
VisualStudioVersion = 16.0.30204.135
MinimumVisualStudioVersion = 10.0.40219.1
Project("{9A19103F-16F7-4668-BE54-9A1E7A4F7556}") = "AWSXRayRecorder.AutoInstrumentation", "sdk\AWSXRayRecorder.AutoInstrumentation.csproj", "{579F41A1-F0B1-475D-98E0-3B237411DEE5}"
EndProject
Project("{9A19103F-16F7-4668-BE54-9A1E7A4F7556}") = "AWSXRayRecorder.AutoInstrumentation.Unittests", "test\AWSXRayRecorder.AutoInstrumentation.Unittests.csproj", "{D95AB7C9-4384-45BB-9A38-BCA3B86435BE}"
EndProject
Project("{8BC9CEB8-8B4A-11D0-8D11-00A0C91BC942}") = "ClrProfiler", "profiler\src\ClrProfiler.vcxproj", "{69E3D8F7-CDE4-4B7E-8D7B-0FF09FEB23DB}"
EndProject
Global
	GlobalSection(SolutionConfigurationPlatforms) = preSolution
		Debug|Any CPU = Debug|Any CPU
		Debug|x64 = Debug|x64
		Debug|x86 = Debug|x86
		Release|Any CPU = Release|Any CPU
		Release|x64 = Release|x64
		Release|x86 = Release|x86
	EndGlobalSection
	GlobalSection(ProjectConfigurationPlatforms) = postSolution
		{579F41A1-F0B1-475D-98E0-3B237411DEE5}.Debug|Any CPU.ActiveCfg = Debug|Any CPU
		{579F41A1-F0B1-475D-98E0-3B237411DEE5}.Debug|Any CPU.Build.0 = Debug|Any CPU
		{579F41A1-F0B1-475D-98E0-3B237411DEE5}.Debug|x64.ActiveCfg = Debug|Any CPU
		{579F41A1-F0B1-475D-98E0-3B237411DEE5}.Debug|x64.Build.0 = Debug|Any CPU
		{579F41A1-F0B1-475D-98E0-3B237411DEE5}.Debug|x86.ActiveCfg = Debug|Any CPU
		{579F41A1-F0B1-475D-98E0-3B237411DEE5}.Debug|x86.Build.0 = Debug|Any CPU
		{579F41A1-F0B1-475D-98E0-3B237411DEE5}.Release|Any CPU.ActiveCfg = Release|Any CPU
		{579F41A1-F0B1-475D-98E0-3B237411DEE5}.Release|Any CPU.Build.0 = Release|Any CPU
		{579F41A1-F0B1-475D-98E0-3B237411DEE5}.Release|x64.ActiveCfg = Release|Any CPU
		{579F41A1-F0B1-475D-98E0-3B237411DEE5}.Release|x64.Build.0 = Release|Any CPU
		{579F41A1-F0B1-475D-98E0-3B237411DEE5}.Release|x86.ActiveCfg = Release|Any CPU
		{579F41A1-F0B1-475D-98E0-3B237411DEE5}.Release|x86.Build.0 = Release|Any CPU
		{D95AB7C9-4384-45BB-9A38-BCA3B86435BE}.Debug|Any CPU.ActiveCfg = Debug|Any CPU
		{D95AB7C9-4384-45BB-9A38-BCA3B86435BE}.Debug|Any CPU.Build.0 = Debug|Any CPU
		{D95AB7C9-4384-45BB-9A38-BCA3B86435BE}.Debug|x64.ActiveCfg = Debug|Any CPU
		{D95AB7C9-4384-45BB-9A38-BCA3B86435BE}.Debug|x64.Build.0 = Debug|Any CPU
		{D95AB7C9-4384-45BB-9A38-BCA3B86435BE}.Debug|x86.ActiveCfg = Debug|Any CPU
		{D95AB7C9-4384-45BB-9A38-BCA3B86435BE}.Debug|x86.Build.0 = Debug|Any CPU
		{D95AB7C9-4384-45BB-9A38-BCA3B86435BE}.Release|Any CPU.ActiveCfg = Release|Any CPU
		{D95AB7C9-4384-45BB-9A38-BCA3B86435BE}.Release|Any CPU.Build.0 = Release|Any CPU
		{D95AB7C9-4384-45BB-9A38-BCA3B86435BE}.Release|x64.ActiveCfg = Release|Any CPU
		{D95AB7C9-4384-45BB-9A38-BCA3B86435BE}.Release|x64.Build.0 = Release|Any CPU
		{D95AB7C9-4384-45BB-9A38-BCA3B86435BE}.Release|x86.ActiveCfg = Release|Any CPU
		{D95AB7C9-4384-45BB-9A38-BCA3B86435BE}.Release|x86.Build.0 = Release|Any CPU
		{69E3D8F7-CDE4-4B7E-8D7B-0FF09FEB23DB}.Debug|Any CPU.ActiveCfg = Debug|Win32
		{69E3D8F7-CDE4-4B7E-8D7B-0FF09FEB23DB}.Debug|Any CPU.Build.0 = Debug|Win32
		{69E3D8F7-CDE4-4B7E-8D7B-0FF09FEB23DB}.Debug|x64.ActiveCfg = Debug|x64
		{69E3D8F7-CDE4-4B7E-8D7B-0FF09FEB23DB}.Debug|x64.Build.0 = Debug|x64
		{69E3D8F7-CDE4-4B7E-8D7B-0FF09FEB23DB}.Debug|x86.ActiveCfg = Debug|Win32
		{69E3D8F7-CDE4-4B7E-8D7B-0FF09FEB23DB}.Debug|x86.Build.0 = Debug|Win32
		{69E3D8F7-CDE4-4B7E-8D7B-0FF09FEB23DB}.Release|Any CPU.ActiveCfg = Release|Win32
		{69E3D8F7-CDE4-4B7E-8D7B-0FF09FEB23DB}.Release|x64.ActiveCfg = Release|x64
		{69E3D8F7-CDE4-4B7E-8D7B-0FF09FEB23DB}.Release|x64.Build.0 = Release|x64
		{69E3D8F7-CDE4-4B7E-8D7B-0FF09FEB23DB}.Release|x86.ActiveCfg = Release|Win32
		{69E3D8F7-CDE4-4B7E-8D7B-0FF09FEB23DB}.Release|x86.Build.0 = Release|Win32
	EndGlobalSection
	GlobalSection(SolutionProperties) = preSolution
		HideSolutionNode = FALSE
	EndGlobalSection
	GlobalSection(ExtensibilityGlobals) = postSolution
		SolutionGuid = {D2D53B22-B7B3-4E9F-A71B-3FB02CD80043}
	EndGlobalSection
EndGlobal
